// !$*UTF8*$!
{
	archiveVersion = 1;
	classes = {
	};
	objectVersion = 46;
	objects = {

/* Begin PBXBuildFile section */
		4847D69719BF66A900CAE24D /* Connector.h in Headers */ = {isa = PBXBuildFile; fileRef = 4847D69519BF66A900CAE24D /* Connector.h */; };
		4847D69819BF66A900CAE24D /* Connector.m in Sources */ = {isa = PBXBuildFile; fileRef = 4847D69619BF66A900CAE24D /* Connector.m */; };
		4890809C19B4D42400172123 /* Foundation.framework in Frameworks */ = {isa = PBXBuildFile; fileRef = 4890809B19B4D42400172123 /* Foundation.framework */; };
		489080AA19B4D42400172123 /* XCTest.framework in Frameworks */ = {isa = PBXBuildFile; fileRef = 489080A919B4D42400172123 /* XCTest.framework */; };
		489080AB19B4D42400172123 /* Foundation.framework in Frameworks */ = {isa = PBXBuildFile; fileRef = 4890809B19B4D42400172123 /* Foundation.framework */; };
		489080AD19B4D42400172123 /* UIKit.framework in Frameworks */ = {isa = PBXBuildFile; fileRef = 489080AC19B4D42400172123 /* UIKit.framework */; };
		489080B019B4D42400172123 /* libsample-ios.a in Frameworks */ = {isa = PBXBuildFile; fileRef = 4890809819B4D42400172123 /* libsample-ios.a */; };
		489080B619B4D42400172123 /* InfoPlist.strings in Resources */ = {isa = PBXBuildFile; fileRef = 489080B419B4D42400172123 /* InfoPlist.strings */; };
		489080C819B4D43A00172123 /* Sample.m in Sources */ = {isa = PBXBuildFile; fileRef = 489080C419B4D43A00172123 /* Sample.m */; };
		489080CF19B4D44C00172123 /* SampleTests.m in Sources */ = {isa = PBXBuildFile; fileRef = 489080CB19B4D44C00172123 /* SampleTests.m */; };
		489080D019B4D44C00172123 /* XCTestCase+AsyncTesting.m in Sources */ = {isa = PBXBuildFile; fileRef = 489080CD19B4D44C00172123 /* XCTestCase+AsyncTesting.m */; };
		489080D319B4D47600172123 /* Sample.h in Headers */ = {isa = PBXBuildFile; fileRef = 489080C319B4D43A00172123 /* Sample.h */; settings = {ATTRIBUTES = (Public, ); }; };
		4890934D19C0239D0051FDF9 /* SampleExtension.h in Headers */ = {isa = PBXBuildFile; fileRef = 4890934B19C0239D0051FDF9 /* SampleExtension.h */; };
		4890935719C0373B0051FDF9 /* ConnectorTests.m in Sources */ = {isa = PBXBuildFile; fileRef = 4890935619C0373B0051FDF9 /* ConnectorTests.m */; };
/* End PBXBuildFile section */

/* Begin PBXContainerItemProxy section */
		489080AE19B4D42400172123 /* PBXContainerItemProxy */ = {
			isa = PBXContainerItemProxy;
			containerPortal = 4890809019B4D42400172123 /* Project object */;
			proxyType = 1;
			remoteGlobalIDString = 4890809719B4D42400172123;
			remoteInfo = "sample-ios";
		};
/* End PBXContainerItemProxy section */

/* Begin PBXCopyFilesBuildPhase section */
		4890809619B4D42400172123 /* CopyFiles */ = {
			isa = PBXCopyFilesBuildPhase;
			buildActionMask = 2147483647;
			dstPath = "include/$(PRODUCT_NAME)";
			dstSubfolderSpec = 16;
			files = (
			);
			runOnlyForDeploymentPostprocessing = 0;
		};
/* End PBXCopyFilesBuildPhase section */

/* Begin PBXFileReference section */
		4847D69519BF66A900CAE24D /* Connector.h */ = {isa = PBXFileReference; fileEncoding = 4; lastKnownFileType = sourcecode.c.h; path = Connector.h; sourceTree = "<group>"; };
		4847D69619BF66A900CAE24D /* Connector.m */ = {isa = PBXFileReference; fileEncoding = 4; lastKnownFileType = sourcecode.c.objc; path = Connector.m; sourceTree = "<group>"; };
		4890809819B4D42400172123 /* libsample-ios.a */ = {isa = PBXFileReference; explicitFileType = archive.ar; includeInIndex = 0; path = "libsample-ios.a"; sourceTree = BUILT_PRODUCTS_DIR; };
		4890809B19B4D42400172123 /* Foundation.framework */ = {isa = PBXFileReference; lastKnownFileType = wrapper.framework; name = Foundation.framework; path = System/Library/Frameworks/Foundation.framework; sourceTree = SDKROOT; };
		4890809F19B4D42400172123 /* sample-ios-Prefix.pch */ = {isa = PBXFileReference; lastKnownFileType = sourcecode.c.h; path = "sample-ios-Prefix.pch"; sourceTree = "<group>"; };
		489080A819B4D42400172123 /* sample-iosTests.xctest */ = {isa = PBXFileReference; explicitFileType = wrapper.cfbundle; includeInIndex = 0; path = "sample-iosTests.xctest"; sourceTree = BUILT_PRODUCTS_DIR; };
		489080A919B4D42400172123 /* XCTest.framework */ = {isa = PBXFileReference; lastKnownFileType = wrapper.framework; name = XCTest.framework; path = Library/Frameworks/XCTest.framework; sourceTree = DEVELOPER_DIR; };
		489080AC19B4D42400172123 /* UIKit.framework */ = {isa = PBXFileReference; lastKnownFileType = wrapper.framework; name = UIKit.framework; path = Library/Frameworks/UIKit.framework; sourceTree = DEVELOPER_DIR; };
		489080B319B4D42400172123 /* sample-iosTests-Info.plist */ = {isa = PBXFileReference; lastKnownFileType = text.plist.xml; path = "sample-iosTests-Info.plist"; sourceTree = "<group>"; };
		489080B519B4D42400172123 /* en */ = {isa = PBXFileReference; lastKnownFileType = text.plist.strings; name = en; path = en.lproj/InfoPlist.strings; sourceTree = "<group>"; };
		489080C319B4D43A00172123 /* Sample.h */ = {isa = PBXFileReference; fileEncoding = 4; lastKnownFileType = sourcecode.c.h; path = Sample.h; sourceTree = "<group>"; };
		489080C419B4D43A00172123 /* Sample.m */ = {isa = PBXFileReference; fileEncoding = 4; lastKnownFileType = sourcecode.c.objc; path = Sample.m; sourceTree = "<group>"; };
		489080CB19B4D44C00172123 /* SampleTests.m */ = {isa = PBXFileReference; fileEncoding = 4; lastKnownFileType = sourcecode.c.objc; path = SampleTests.m; sourceTree = "<group>"; };
		489080CC19B4D44C00172123 /* XCTestCase+AsyncTesting.h */ = {isa = PBXFileReference; fileEncoding = 4; lastKnownFileType = sourcecode.c.h; path = "XCTestCase+AsyncTesting.h"; sourceTree = "<group>"; };
		489080CD19B4D44C00172123 /* XCTestCase+AsyncTesting.m */ = {isa = PBXFileReference; fileEncoding = 4; lastKnownFileType = sourcecode.c.objc; path = "XCTestCase+AsyncTesting.m"; sourceTree = "<group>"; };
		489080D619B4D7DC00172123 /* libsample-ios.a */ = {isa = PBXFileReference; lastKnownFileType = archive.ar; path = "libsample-ios.a"; sourceTree = "<group>"; };
		4890934B19C0239D0051FDF9 /* SampleExtension.h */ = {isa = PBXFileReference; fileEncoding = 4; lastKnownFileType = sourcecode.c.h; path = SampleExtension.h; sourceTree = "<group>"; };
		4890935619C0373B0051FDF9 /* ConnectorTests.m */ = {isa = PBXFileReference; fileEncoding = 4; lastKnownFileType = sourcecode.c.objc; path = ConnectorTests.m; sourceTree = "<group>"; };
/* End PBXFileReference section */

/* Begin PBXFrameworksBuildPhase section */
		4890809519B4D42400172123 /* Frameworks */ = {
			isa = PBXFrameworksBuildPhase;
			buildActionMask = 2147483647;
			files = (
				4890809C19B4D42400172123 /* Foundation.framework in Frameworks */,
			);
			runOnlyForDeploymentPostprocessing = 0;
		};
		489080A519B4D42400172123 /* Frameworks */ = {
			isa = PBXFrameworksBuildPhase;
			buildActionMask = 2147483647;
			files = (
				489080AA19B4D42400172123 /* XCTest.framework in Frameworks */,
				489080AD19B4D42400172123 /* UIKit.framework in Frameworks */,
				489080AB19B4D42400172123 /* Foundation.framework in Frameworks */,
				489080B019B4D42400172123 /* libsample-ios.a in Frameworks */,
			);
			runOnlyForDeploymentPostprocessing = 0;
		};
/* End PBXFrameworksBuildPhase section */

/* Begin PBXGroup section */
		4890808F19B4D42400172123 = {
			isa = PBXGroup;
			children = (
				489080D619B4D7DC00172123 /* libsample-ios.a */,
				4890809D19B4D42400172123 /* sample-ios */,
				489080B119B4D42400172123 /* sample-iosTests */,
				4890809A19B4D42400172123 /* Frameworks */,
				4890809919B4D42400172123 /* Products */,
			);
			sourceTree = "<group>";
		};
		4890809919B4D42400172123 /* Products */ = {
			isa = PBXGroup;
			children = (
				4890809819B4D42400172123 /* libsample-ios.a */,
				489080A819B4D42400172123 /* sample-iosTests.xctest */,
			);
			name = Products;
			sourceTree = "<group>";
		};
		4890809A19B4D42400172123 /* Frameworks */ = {
			isa = PBXGroup;
			children = (
				4890809B19B4D42400172123 /* Foundation.framework */,
				489080A919B4D42400172123 /* XCTest.framework */,
				489080AC19B4D42400172123 /* UIKit.framework */,
			);
			name = Frameworks;
			sourceTree = "<group>";
		};
		4890809D19B4D42400172123 /* sample-ios */ = {
			isa = PBXGroup;
			children = (
				489080C319B4D43A00172123 /* Sample.h */,
				489080C419B4D43A00172123 /* Sample.m */,
				4890934B19C0239D0051FDF9 /* SampleExtension.h */,
				4847D69519BF66A900CAE24D /* Connector.h */,
				4847D69619BF66A900CAE24D /* Connector.m */,
				4890809E19B4D42400172123 /* Supporting Files */,
			);
			path = "sample-ios";
			sourceTree = "<group>";
		};
		4890809E19B4D42400172123 /* Supporting Files */ = {
			isa = PBXGroup;
			children = (
				4890809F19B4D42400172123 /* sample-ios-Prefix.pch */,
			);
			name = "Supporting Files";
			sourceTree = "<group>";
		};
		489080B119B4D42400172123 /* sample-iosTests */ = {
			isa = PBXGroup;
			children = (
				489080CB19B4D44C00172123 /* SampleTests.m */,
				4890935619C0373B0051FDF9 /* ConnectorTests.m */,
				489080CC19B4D44C00172123 /* XCTestCase+AsyncTesting.h */,
				489080CD19B4D44C00172123 /* XCTestCase+AsyncTesting.m */,
				489080B219B4D42400172123 /* Supporting Files */,
			);
			path = "sample-iosTests";
			sourceTree = "<group>";
		};
		489080B219B4D42400172123 /* Supporting Files */ = {
			isa = PBXGroup;
			children = (
				489080B319B4D42400172123 /* sample-iosTests-Info.plist */,
				489080B419B4D42400172123 /* InfoPlist.strings */,
			);
			name = "Supporting Files";
			sourceTree = "<group>";
		};
/* End PBXGroup section */

/* Begin PBXHeadersBuildPhase section */
		489080D119B4D46500172123 /* Headers */ = {
			isa = PBXHeadersBuildPhase;
			buildActionMask = 2147483647;
			files = (
				489080D319B4D47600172123 /* Sample.h in Headers */,
				4847D69719BF66A900CAE24D /* Connector.h in Headers */,
				4890934D19C0239D0051FDF9 /* SampleExtension.h in Headers */,
			);
			runOnlyForDeploymentPostprocessing = 0;
		};
/* End PBXHeadersBuildPhase section */

/* Begin PBXNativeTarget section */
		4890809719B4D42400172123 /* sample-ios */ = {
			isa = PBXNativeTarget;
			buildConfigurationList = 489080BB19B4D42400172123 /* Build configuration list for PBXNativeTarget "sample-ios" */;
			buildPhases = (
				4890809419B4D42400172123 /* Sources */,
				4890809519B4D42400172123 /* Frameworks */,
				4890809619B4D42400172123 /* CopyFiles */,
				489080D119B4D46500172123 /* Headers */,
				489080D519B4D49C00172123 /* Fat lib */,
			);
			buildRules = (
			);
			dependencies = (
			);
			name = "sample-ios";
			productName = "sample-ios";
			productReference = 4890809819B4D42400172123 /* libsample-ios.a */;
			productType = "com.apple.product-type.library.static";
		};
		489080A719B4D42400172123 /* sample-iosTests */ = {
			isa = PBXNativeTarget;
			buildConfigurationList = 489080BE19B4D42400172123 /* Build configuration list for PBXNativeTarget "sample-iosTests" */;
			buildPhases = (
				489080A419B4D42400172123 /* Sources */,
				489080A519B4D42400172123 /* Frameworks */,
				489080A619B4D42400172123 /* Resources */,
			);
			buildRules = (
			);
			dependencies = (
				489080AF19B4D42400172123 /* PBXTargetDependency */,
			);
			name = "sample-iosTests";
			productName = "sample-iosTests";
			productReference = 489080A819B4D42400172123 /* sample-iosTests.xctest */;
			productType = "com.apple.product-type.bundle.unit-test";
		};
/* End PBXNativeTarget section */

/* Begin PBXProject section */
		4890809019B4D42400172123 /* Project object */ = {
			isa = PBXProject;
			attributes = {
				LastUpgradeCheck = 0510;
				ORGANIZATIONNAME = "5dlab GmbH";
			};
			buildConfigurationList = 4890809319B4D42400172123 /* Build configuration list for PBXProject "sample-ios" */;
			compatibilityVersion = "Xcode 3.2";
			developmentRegion = English;
			hasScannedForEncodings = 0;
			knownRegions = (
				en,
			);
			mainGroup = 4890808F19B4D42400172123;
			productRefGroup = 4890809919B4D42400172123 /* Products */;
			projectDirPath = "";
			projectRoot = "";
			targets = (
				4890809719B4D42400172123 /* sample-ios */,
				489080A719B4D42400172123 /* sample-iosTests */,
			);
		};
/* End PBXProject section */

/* Begin PBXResourcesBuildPhase section */
		489080A619B4D42400172123 /* Resources */ = {
			isa = PBXResourcesBuildPhase;
			buildActionMask = 2147483647;
			files = (
				489080B619B4D42400172123 /* InfoPlist.strings in Resources */,
			);
			runOnlyForDeploymentPostprocessing = 0;
		};
/* End PBXResourcesBuildPhase section */

/* Begin PBXShellScriptBuildPhase section */
		489080D519B4D49C00172123 /* Fat lib */ = {
			isa = PBXShellScriptBuildPhase;
			buildActionMask = 2147483647;
			files = (
			);
			inputPaths = (
			);
			name = "Fat lib";
			outputPaths = (
			);
			runOnlyForDeploymentPostprocessing = 0;
			shellPath = /bin/sh;
			shellScript = "##########################################\n#\n# c.f. http://stackoverflow.com/questions/3520977/build-fat-static-library-device-simulator-using-xcode-and-sdk-4\n#\n# Version 2.7\n#\n# Latest Change:\n# - Supports iPhone 5 / iPod Touch 5 (uses Apple's workaround to lipo bug)\n#\n# Purpose:\n#   Automatically create a Universal static library for iPhone + iPad + iPhone Simulator from within XCode\n#\n# Author: Adam Martin - http://twitter.com/t_machine_org\n# Based on: original script from Eonil (main changes: Eonil's script WILL NOT WORK in Xcode GUI - it WILL CRASH YOUR COMPUTER)\n#\n\nset -e\nset -o pipefail\n\n#################[ Tests: helps workaround any future bugs in Xcode ]########\n#\nDEBUG_THIS_SCRIPT=\"false\"\n\nif [ $DEBUG_THIS_SCRIPT = \"true\" ]\nthen\necho \"########### TESTS #############\"\necho \"Use the following variables when debugging this script; note that they may change on recursions\"\necho \"BUILD_DIR = $BUILD_DIR\"\necho \"BUILD_ROOT = $BUILD_ROOT\"\necho \"CONFIGURATION_BUILD_DIR = $CONFIGURATION_BUILD_DIR\"\necho \"BUILT_PRODUCTS_DIR = $BUILT_PRODUCTS_DIR\"\necho \"CONFIGURATION_TEMP_DIR = $CONFIGURATION_TEMP_DIR\"\necho \"TARGET_BUILD_DIR = $TARGET_BUILD_DIR\"\nfi\n\n#####################[ part 1 ]##################\n# First, work out the BASESDK version number (NB: Apple ought to report this, but they hide it)\n#    (incidental: searching for substrings in sh is a nightmare! Sob)\n\nSDK_VERSION=$(echo ${SDK_NAME} | grep -o '.\\{3\\}$')\n\n# Next, work out if we're in SIM or DEVICE\n\nif [ ${PLATFORM_NAME} = \"iphonesimulator\" ]\nthen\nOTHER_SDK_TO_BUILD=iphoneos${SDK_VERSION}\nelse\nOTHER_SDK_TO_BUILD=iphonesimulator${SDK_VERSION}\nfi\n\necho \"XCode has selected SDK: ${PLATFORM_NAME} with version: ${SDK_VERSION} (although back-targetting: ${IPHONEOS_DEPLOYMENT_TARGET})\"\necho \"...therefore, OTHER_SDK_TO_BUILD = ${OTHER_SDK_TO_BUILD}\"\n#\n#####################[ end of part 1 ]##################\n\n#####################[ part 2 ]##################\n#\n# IF this is the original invocation, invoke WHATEVER other builds are required\n#\n# Xcode is already building ONE target...\n#\n# ...but this is a LIBRARY, so Apple is wrong to set it to build just one.\n# ...we need to build ALL targets\n# ...we MUST NOT re-build the target that is ALREADY being built: Xcode WILL CRASH YOUR COMPUTER if you try this (infinite recursion!)\n#\n#\n# So: build ONLY the missing platforms/configurations.\n\nif [ \"true\" == ${ALREADYINVOKED:-false} ]\nthen\necho \"RECURSION: I am NOT the root invocation, so I'm NOT going to recurse\"\nelse\n# CRITICAL:\n# Prevent infinite recursion (Xcode sucks)\nexport ALREADYINVOKED=\"true\"\n\necho \"RECURSION: I am the root ... recursing all missing build targets NOW...\"\necho \"RECURSION: ...about to invoke: xcodebuild -configuration \\\"${CONFIGURATION}\\\" -project \\\"${PROJECT_NAME}.xcodeproj\\\" -target \\\"${TARGET_NAME}\\\" -sdk \\\"${OTHER_SDK_TO_BUILD}\\\" ${ACTION} RUN_CLANG_STATIC_ANALYZER=NO\" BUILD_DIR=\\\"${BUILD_DIR}\\\" BUILD_ROOT=\\\"${BUILD_ROOT}\\\" SYMROOT=\\\"${SYMROOT}\\\"\n\nxcodebuild -configuration \"${CONFIGURATION}\" -project \"${PROJECT_NAME}.xcodeproj\" -target \"${TARGET_NAME}\" -sdk \"${OTHER_SDK_TO_BUILD}\" ${ACTION} RUN_CLANG_STATIC_ANALYZER=NO BUILD_DIR=\"${BUILD_DIR}\" BUILD_ROOT=\"${BUILD_ROOT}\" SYMROOT=\"${SYMROOT}\"\n\nACTION=\"build\"\n\n#Merge all platform binaries as a fat binary for each configurations.\n\n# Calculate where the (multiple) built files are coming from:\nCURRENTCONFIG_DEVICE_DIR=${SYMROOT}/${CONFIGURATION}-iphoneos\nCURRENTCONFIG_SIMULATOR_DIR=${SYMROOT}/${CONFIGURATION}-iphonesimulator\n\necho \"Taking device build from: ${CURRENTCONFIG_DEVICE_DIR}\"\necho \"Taking simulator build from: ${CURRENTCONFIG_SIMULATOR_DIR}\"\n\nCREATING_UNIVERSAL_DIR=${SYMROOT}/${CONFIGURATION}-universal\necho \"...I will output a universal build to: ${CREATING_UNIVERSAL_DIR}\"\n\n# ... remove the products of previous runs of this script\n#      NB: this directory is ONLY created by this script - it should be safe to delete!\n\nrm -rf \"${CREATING_UNIVERSAL_DIR}\"\nmkdir \"${CREATING_UNIVERSAL_DIR}\"\n\n#\necho \"lipo: for current configuration (${CONFIGURATION}) creating output file: ${CREATING_UNIVERSAL_DIR}/${EXECUTABLE_NAME}\"\nxcrun -sdk iphoneos lipo -create -output \"${CREATING_UNIVERSAL_DIR}/${EXECUTABLE_NAME}\" \"${CURRENTCONFIG_DEVICE_DIR}/${EXECUTABLE_NAME}\" \"${CURRENTCONFIG_SIMULATOR_DIR}/${EXECUTABLE_NAME}\"\n\n#########\n#\n# Added: StackOverflow suggestion to also copy \"include\" files\n#    (untested, but should work OK)\n#\necho \"Fetching headers from ${PUBLIC_HEADERS_FOLDER_PATH}\"\necho \"  (if you embed your library project in another project, you will need to add\"\necho \"   a \"User Search Headers\" build setting of: (NB INCLUDE THE DOUBLE QUOTES BELOW!)\"\necho '        \"$(TARGET_BUILD_DIR)/usr/local/include/\"'\nif [ -d \"${CURRENTCONFIG_DEVICE_DIR}${PUBLIC_HEADERS_FOLDER_PATH}\" ]\nthen\nmkdir -p \"${CREATING_UNIVERSAL_DIR}${PUBLIC_HEADERS_FOLDER_PATH}\"\n# * needs to be outside the double quotes?\ncp -r \"${CURRENTCONFIG_DEVICE_DIR}${PUBLIC_HEADERS_FOLDER_PATH}\"* \"${CREATING_UNIVERSAL_DIR}${PUBLIC_HEADERS_FOLDER_PATH}\"\nfi\nfi\n\nopen \"${CREATING_UNIVERSAL_DIR}\"";
			showEnvVarsInLog = 0;
		};
/* End PBXShellScriptBuildPhase section */

/* Begin PBXSourcesBuildPhase section */
		4890809419B4D42400172123 /* Sources */ = {
			isa = PBXSourcesBuildPhase;
			buildActionMask = 2147483647;
			files = (
				4847D69819BF66A900CAE24D /* Connector.m in Sources */,
				489080C819B4D43A00172123 /* Sample.m in Sources */,
			);
			runOnlyForDeploymentPostprocessing = 0;
		};
		489080A419B4D42400172123 /* Sources */ = {
			isa = PBXSourcesBuildPhase;
			buildActionMask = 2147483647;
			files = (
				489080CF19B4D44C00172123 /* SampleTests.m in Sources */,
				4890935719C0373B0051FDF9 /* ConnectorTests.m in Sources */,
				489080D019B4D44C00172123 /* XCTestCase+AsyncTesting.m in Sources */,
			);
			runOnlyForDeploymentPostprocessing = 0;
		};
/* End PBXSourcesBuildPhase section */

/* Begin PBXTargetDependency section */
		489080AF19B4D42400172123 /* PBXTargetDependency */ = {
			isa = PBXTargetDependency;
			target = 4890809719B4D42400172123 /* sample-ios */;
			targetProxy = 489080AE19B4D42400172123 /* PBXContainerItemProxy */;
		};
/* End PBXTargetDependency section */

/* Begin PBXVariantGroup section */
		489080B419B4D42400172123 /* InfoPlist.strings */ = {
			isa = PBXVariantGroup;
			children = (
				489080B519B4D42400172123 /* en */,
			);
			name = InfoPlist.strings;
			sourceTree = "<group>";
		};
/* End PBXVariantGroup section */

/* Begin XCBuildConfiguration section */
		489080B919B4D42400172123 /* Debug */ = {
			isa = XCBuildConfiguration;
			buildSettings = {
				ALWAYS_SEARCH_USER_PATHS = NO;
				CLANG_CXX_LANGUAGE_STANDARD = "gnu++0x";
				CLANG_CXX_LIBRARY = "libc++";
				CLANG_ENABLE_MODULES = YES;
				CLANG_ENABLE_OBJC_ARC = YES;
				CLANG_WARN_BOOL_CONVERSION = YES;
				CLANG_WARN_CONSTANT_CONVERSION = YES;
				CLANG_WARN_DIRECT_OBJC_ISA_USAGE = YES_ERROR;
				CLANG_WARN_EMPTY_BODY = YES;
				CLANG_WARN_ENUM_CONVERSION = YES;
				CLANG_WARN_INT_CONVERSION = YES;
				CLANG_WARN_OBJC_ROOT_CLASS = YES_ERROR;
				CLANG_WARN__DUPLICATE_METHOD_MATCH = YES;
				COPY_PHASE_STRIP = NO;
				GCC_C_LANGUAGE_STANDARD = gnu99;
				GCC_DYNAMIC_NO_PIC = NO;
				GCC_OPTIMIZATION_LEVEL = 0;
				GCC_PREPROCESSOR_DEFINITIONS = (
					"DEBUG=1",
					"$(inherited)",
				);
				GCC_SYMBOLS_PRIVATE_EXTERN = NO;
				GCC_WARN_64_TO_32_BIT_CONVERSION = YES;
				GCC_WARN_ABOUT_RETURN_TYPE = YES_ERROR;
				GCC_WARN_UNDECLARED_SELECTOR = YES;
				GCC_WARN_UNINITIALIZED_AUTOS = YES_AGGRESSIVE;
				GCC_WARN_UNUSED_FUNCTION = YES;
				GCC_WARN_UNUSED_VARIABLE = YES;
				IPHONEOS_DEPLOYMENT_TARGET = 7.1;
				ONLY_ACTIVE_ARCH = YES;
				SDKROOT = iphoneos;
			};
			name = Debug;
		};
		489080BA19B4D42400172123 /* Release */ = {
			isa = XCBuildConfiguration;
			buildSettings = {
				ALWAYS_SEARCH_USER_PATHS = NO;
				CLANG_CXX_LANGUAGE_STANDARD = "gnu++0x";
				CLANG_CXX_LIBRARY = "libc++";
				CLANG_ENABLE_MODULES = YES;
				CLANG_ENABLE_OBJC_ARC = YES;
				CLANG_WARN_BOOL_CONVERSION = YES;
				CLANG_WARN_CONSTANT_CONVERSION = YES;
				CLANG_WARN_DIRECT_OBJC_ISA_USAGE = YES_ERROR;
				CLANG_WARN_EMPTY_BODY = YES;
				CLANG_WARN_ENUM_CONVERSION = YES;
				CLANG_WARN_INT_CONVERSION = YES;
				CLANG_WARN_OBJC_ROOT_CLASS = YES_ERROR;
				CLANG_WARN__DUPLICATE_METHOD_MATCH = YES;
				COPY_PHASE_STRIP = YES;
				ENABLE_NS_ASSERTIONS = NO;
				GCC_C_LANGUAGE_STANDARD = gnu99;
				GCC_WARN_64_TO_32_BIT_CONVERSION = YES;
				GCC_WARN_ABOUT_RETURN_TYPE = YES_ERROR;
				GCC_WARN_UNDECLARED_SELECTOR = YES;
				GCC_WARN_UNINITIALIZED_AUTOS = YES_AGGRESSIVE;
				GCC_WARN_UNUSED_FUNCTION = YES;
				GCC_WARN_UNUSED_VARIABLE = YES;
				IPHONEOS_DEPLOYMENT_TARGET = 7.1;
				SDKROOT = iphoneos;
				VALIDATE_PRODUCT = YES;
			};
			name = Release;
		};
		489080BC19B4D42400172123 /* Debug */ = {
			isa = XCBuildConfiguration;
			buildSettings = {
				DSTROOT = /tmp/sample_ios.dst;
				GCC_PRECOMPILE_PREFIX_HEADER = YES;
				GCC_PREFIX_HEADER = "sample-ios/sample-ios-Prefix.pch";
				ONLY_ACTIVE_ARCH = NO;
				OTHER_LDFLAGS = "-ObjC";
				PRODUCT_NAME = "$(TARGET_NAME)";
				SKIP_INSTALL = YES;
			};
			name = Debug;
		};
		489080BD19B4D42400172123 /* Release */ = {
			isa = XCBuildConfiguration;
			buildSettings = {
				DSTROOT = /tmp/sample_ios.dst;
				GCC_PRECOMPILE_PREFIX_HEADER = YES;
				GCC_PREFIX_HEADER = "sample-ios/sample-ios-Prefix.pch";
				ONLY_ACTIVE_ARCH = NO;
				OTHER_LDFLAGS = "-ObjC";
				PRODUCT_NAME = "$(TARGET_NAME)";
				SKIP_INSTALL = YES;
			};
			name = Release;
		};
		489080BF19B4D42400172123 /* Debug */ = {
			isa = XCBuildConfiguration;
			buildSettings = {
				FRAMEWORK_SEARCH_PATHS = (
					"$(SDKROOT)/Developer/Library/Frameworks",
					"$(inherited)",
					"$(DEVELOPER_FRAMEWORKS_DIR)",
				);
				GCC_PRECOMPILE_PREFIX_HEADER = YES;
				GCC_PREFIX_HEADER = "sample-ios/sample-ios-Prefix.pch";
				GCC_PREPROCESSOR_DEFINITIONS = (
					"DEBUG=1",
					"$(inherited)",
				);
				INFOPLIST_FILE = "sample-iosTests/sample-iosTests-Info.plist";
				PRODUCT_NAME = "$(TARGET_NAME)";
				WRAPPER_EXTENSION = xctest;
			};
			name = Debug;
		};
		489080C019B4D42400172123 /* Release */ = {
			isa = XCBuildConfiguration;
			buildSettings = {
				FRAMEWORK_SEARCH_PATHS = (
					"$(SDKROOT)/Developer/Library/Frameworks",
					"$(inherited)",
					"$(DEVELOPER_FRAMEWORKS_DIR)",
				);
				GCC_PRECOMPILE_PREFIX_HEADER = YES;
				GCC_PREFIX_HEADER = "sample-ios/sample-ios-Prefix.pch";
				INFOPLIST_FILE = "sample-iosTests/sample-iosTests-Info.plist";
				PRODUCT_NAME = "$(TARGET_NAME)";
				WRAPPER_EXTENSION = xctest;
			};
			name = Release;
		};
/* End XCBuildConfiguration section */

/* Begin XCConfigurationList section */
		4890809319B4D42400172123 /* Build configuration list for PBXProject "sample-ios" */ = {
			isa = XCConfigurationList;
			buildConfigurations = (
				489080B919B4D42400172123 /* Debug */,
				489080BA19B4D42400172123 /* Release */,
			);
			defaultConfigurationIsVisible = 0;
			defaultConfigurationName = Release;
		};
		489080BB19B4D42400172123 /* Build configuration list for PBXNativeTarget "sample-ios" */ = {
			isa = XCConfigurationList;
			buildConfigurations = (
				489080BC19B4D42400172123 /* Debug */,
				489080BD19B4D42400172123 /* Release */,
			);
			defaultConfigurationIsVisible = 0;
			defaultConfigurationName = Release;
		};
		489080BE19B4D42400172123 /* Build configuration list for PBXNativeTarget "sample-iosTests" */ = {
			isa = XCConfigurationList;
			buildConfigurations = (
				489080BF19B4D42400172123 /* Debug */,
				489080C019B4D42400172123 /* Release */,
			);
			defaultConfigurationIsVisible = 0;
			defaultConfigurationName = Release;
		};
/* End XCConfigurationList section */
	};
	rootObject = 4890809019B4D42400172123 /* Project object */;
}
